
Microsoft Visual Studio Solution File, Format Version 12.00
# Visual Studio Version 17
VisualStudioVersion = 17.11.35303.130
MinimumVisualStudioVersion = 10.0.40219.1
Project("{FAE04EC0-301F-11D3-BF4B-00C04F79EFBC}") = "MauiBlazorADSB_02", "MauiBlazorADSB_02\MauiBlazorADSB_02.csproj", "{FD909D08-353C-49AA-94C8-3C4D26E5F194}"
EndProject
Global
	GlobalSection(SolutionConfigurationPlatforms) = preSolution
		Debug|Any CPU = Debug|Any CPU
		Release|Any CPU = Release|Any CPU
	EndGlobalSection
	GlobalSection(ProjectConfigurationPlatforms) = postSolution
		{FD909D08-353C-49AA-94C8-3C4D26E5F194}.Debug|Any CPU.ActiveCfg = Debug|Any CPU
		{FD909D08-353C-49AA-94C8-3C4D26E5F194}.Debug|Any CPU.Build.0 = Debug|Any CPU
		{FD909D08-353C-49AA-94C8-3C4D26E5F194}.Debug|Any CPU.Deploy.0 = Debug|Any CPU
		{FD909D08-353C-49AA-94C8-3C4D26E5F194}.Release|Any CPU.ActiveCfg = Release|Any CPU
		{FD909D08-353C-49AA-94C8-3C4D26E5F194}.Release|Any CPU.Build.0 = Release|Any CPU
		{FD909D08-353C-49AA-94C8-3C4D26E5F194}.Release|Any CPU.Deploy.0 = Release|Any CPU
	EndGlobalSection
	GlobalSection(SolutionProperties) = preSolution
		HideSolutionNode = FALSE
	EndGlobalSection
	GlobalSection(ExtensibilityGlobals) = postSolution
		SolutionGuid = {60F7A16C-43EE-48AF-B632-FEAAC0153034}
	EndGlobalSection
EndGlobal
